
Microsoft Visual Studio Solution File, Format Version 12.00
# Visual Studio Version 16
VisualStudioVersion = 16.0.29911.84
MinimumVisualStudioVersion = 10.0.40219.1
Project("{2150E333-8FDC-42A3-9474-1A3956D46DE8}") = "SpeedSocket", "SpeedSocket", "{EE16BEB4-0AFB-413C-8AF9-445144095DEF}"
EndProject
Project("{FAE04EC0-301F-11D3-BF4B-00C04F79EFBC}") = "SocketServer", "SocketServer\SocketServer.csproj", "{F9504668-5412-4DF1-9988-4A7ACEA6A6C9}"
EndProject
Project("{FAE04EC0-301F-11D3-BF4B-00C04F79EFBC}") = "SocketClient", "SocketClient\SocketClient.csproj", "{0332941A-D989-4F1B-9285-65C493F05F54}"
EndProject
Project("{2150E333-8FDC-42A3-9474-1A3956D46DE8}") = "SpeedPipes", "SpeedPipes", "{C3D9811E-FAE6-4A63-970C-F0D2BF8B86F8}"
EndProject
Project("{FAE04EC0-301F-11D3-BF4B-00C04F79EFBC}") = "Server", "Server\Server.csproj", "{5E46A9DF-5216-4676-B2A0-7A2BAF32367E}"
EndProject
Project("{FAE04EC0-301F-11D3-BF4B-00C04F79EFBC}") = "Client", "Client\Client.csproj", "{6C572A1A-E701-41BB-9340-7407376E9D1C}"
EndProject
Global
	GlobalSection(SolutionConfigurationPlatforms) = preSolution
		Debug|Any CPU = Debug|Any CPU
		Release|Any CPU = Release|Any CPU
	EndGlobalSection
	GlobalSection(ProjectConfigurationPlatforms) = postSolution
		{F9504668-5412-4DF1-9988-4A7ACEA6A6C9}.Debug|Any CPU.ActiveCfg = Debug|Any CPU
		{F9504668-5412-4DF1-9988-4A7ACEA6A6C9}.Debug|Any CPU.Build.0 = Debug|Any CPU
		{F9504668-5412-4DF1-9988-4A7ACEA6A6C9}.Release|Any CPU.ActiveCfg = Release|Any CPU
		{F9504668-5412-4DF1-9988-4A7ACEA6A6C9}.Release|Any CPU.Build.0 = Release|Any CPU
		{0332941A-D989-4F1B-9285-65C493F05F54}.Debug|Any CPU.ActiveCfg = Debug|Any CPU
		{0332941A-D989-4F1B-9285-65C493F05F54}.Debug|Any CPU.Build.0 = Debug|Any CPU
		{0332941A-D989-4F1B-9285-65C493F05F54}.Release|Any CPU.ActiveCfg = Release|Any CPU
		{0332941A-D989-4F1B-9285-65C493F05F54}.Release|Any CPU.Build.0 = Release|Any CPU
		{5E46A9DF-5216-4676-B2A0-7A2BAF32367E}.Debug|Any CPU.ActiveCfg = Debug|Any CPU
		{5E46A9DF-5216-4676-B2A0-7A2BAF32367E}.Debug|Any CPU.Build.0 = Debug|Any CPU
		{5E46A9DF-5216-4676-B2A0-7A2BAF32367E}.Release|Any CPU.ActiveCfg = Release|Any CPU
		{5E46A9DF-5216-4676-B2A0-7A2BAF32367E}.Release|Any CPU.Build.0 = Release|Any CPU
		{6C572A1A-E701-41BB-9340-7407376E9D1C}.Debug|Any CPU.ActiveCfg = Debug|Any CPU
		{6C572A1A-E701-41BB-9340-7407376E9D1C}.Debug|Any CPU.Build.0 = Debug|Any CPU
		{6C572A1A-E701-41BB-9340-7407376E9D1C}.Release|Any CPU.ActiveCfg = Release|Any CPU
		{6C572A1A-E701-41BB-9340-7407376E9D1C}.Release|Any CPU.Build.0 = Release|Any CPU
	EndGlobalSection
	GlobalSection(SolutionProperties) = preSolution
		HideSolutionNode = FALSE
	EndGlobalSection
	GlobalSection(NestedProjects) = preSolution
		{F9504668-5412-4DF1-9988-4A7ACEA6A6C9} = {EE16BEB4-0AFB-413C-8AF9-445144095DEF}
		{0332941A-D989-4F1B-9285-65C493F05F54} = {EE16BEB4-0AFB-413C-8AF9-445144095DEF}
		{5E46A9DF-5216-4676-B2A0-7A2BAF32367E} = {C3D9811E-FAE6-4A63-970C-F0D2BF8B86F8}
		{6C572A1A-E701-41BB-9340-7407376E9D1C} = {C3D9811E-FAE6-4A63-970C-F0D2BF8B86F8}
	EndGlobalSection
	GlobalSection(ExtensibilityGlobals) = postSolution
		SolutionGuid = {3DB12CD9-966A-4BA6-A88C-8A1FD3AB2536}
	EndGlobalSection
EndGlobal
